
Microsoft Visual Studio Solution File, Format Version 12.00
# Visual Studio 15
VisualStudioVersion = 15.0.28307.136
MinimumVisualStudioVersion = 10.0.40219.1
Project("{FAE04EC0-301F-11D3-BF4B-00C04F79EFBC}") = "se-plugin-example", "se-plugin-example.csproj", "{FB2D29CE-8912-4B9E-BB51-3E6E47ED587B}"
EndProject
Global
	GlobalSection(SolutionConfigurationPlatforms) = preSolution
		Debug|Any CPU = Debug|Any CPU
		Release|Any CPU = Release|Any CPU
	EndGlobalSection
	GlobalSection(ProjectConfigurationPlatforms) = postSolution
		{FB2D29CE-8912-4B9E-BB51-3E6E47ED587B}.Debug|Any CPU.ActiveCfg = Debug|Any CPU
		{FB2D29CE-8912-4B9E-BB51-3E6E47ED587B}.Debug|Any CPU.Build.0 = Debug|Any CPU
		{FB2D29CE-8912-4B9E-BB51-3E6E47ED587B}.Release|Any CPU.ActiveCfg = Release|Any CPU
		{FB2D29CE-8912-4B9E-BB51-3E6E47ED587B}.Release|Any CPU.Build.0 = Release|Any CPU
	EndGlobalSection
	GlobalSection(SolutionProperties) = preSolution
		HideSolutionNode = FALSE
	EndGlobalSection
	GlobalSection(ExtensibilityGlobals) = postSolution
		SolutionGuid = {E4D150FD-5368-4F2A-A642-C956BE1FDAC5}
	EndGlobalSection
EndGlobal
